
Microsoft Visual Studio Solution File, Format Version 12.00
# Visual Studio 2012
Project("{FAE04EC0-301F-11D3-BF4B-00C04F79EFBC}") = "RSSReader", "WpfApplication1\RSSReader.csproj", "{DF57474B-C110-4FE1-AECB-7B5A9DC2A3FB}"
EndProject
Global
	GlobalSection(SolutionConfigurationPlatforms) = preSolution
		Debug|Any CPU = Debug|Any CPU
		Release|Any CPU = Release|Any CPU
	EndGlobalSection
	GlobalSection(ProjectConfigurationPlatforms) = postSolution
		{DF57474B-C110-4FE1-AECB-7B5A9DC2A3FB}.Debug|Any CPU.ActiveCfg = Debug|Any CPU
		{DF57474B-C110-4FE1-AECB-7B5A9DC2A3FB}.Debug|Any CPU.Build.0 = Debug|Any CPU
		{DF57474B-C110-4FE1-AECB-7B5A9DC2A3FB}.Release|Any CPU.ActiveCfg = Release|Any CPU
		{DF57474B-C110-4FE1-AECB-7B5A9DC2A3FB}.Release|Any CPU.Build.0 = Release|Any CPU
	EndGlobalSection
	GlobalSection(SolutionProperties) = preSolution
		HideSolutionNode = FALSE
	EndGlobalSection
EndGlobal
